
Microsoft Visual Studio Solution File, Format Version 12.00
# Visual Studio Version 17
VisualStudioVersion = 17.3.32901.215
MinimumVisualStudioVersion = 10.0.40219.1
Project("{FAE04EC0-301F-11D3-BF4B-00C04F79EFBC}") = "snack-c-sharp", "snack-c-sharp.csproj", "{D5A6CB43-22A2-4389-9A15-7265E6DD86DF}"
EndProject
Global
	GlobalSection(SolutionConfigurationPlatforms) = preSolution
		Debug|Any CPU = Debug|Any CPU
		Release|Any CPU = Release|Any CPU
	EndGlobalSection
	GlobalSection(ProjectConfigurationPlatforms) = postSolution
		{D5A6CB43-22A2-4389-9A15-7265E6DD86DF}.Debug|Any CPU.ActiveCfg = Debug|Any CPU
		{D5A6CB43-22A2-4389-9A15-7265E6DD86DF}.Debug|Any CPU.Build.0 = Debug|Any CPU
		{D5A6CB43-22A2-4389-9A15-7265E6DD86DF}.Release|Any CPU.ActiveCfg = Release|Any CPU
		{D5A6CB43-22A2-4389-9A15-7265E6DD86DF}.Release|Any CPU.Build.0 = Release|Any CPU
	EndGlobalSection
	GlobalSection(SolutionProperties) = preSolution
		HideSolutionNode = FALSE
	EndGlobalSection
	GlobalSection(ExtensibilityGlobals) = postSolution
		SolutionGuid = {C709896D-A8B0-4361-84B3-BDF1481072E4}
	EndGlobalSection
EndGlobal
